<?xml version="1.0" encoding="utf-8"?>
<Project ToolsVersion="4.0" xmlns="http://schemas.microsoft.com/developer/msbuild/2003">
  <ItemGroup>
    <ClCompile Include="..\Classes\AppDelegate.cpp" />
    <ClCompile Include="main.cpp" />
    <ClCompile Include="..\Classes\Agent.cpp">
      <Filter>Entities</Filter>
    </ClCompile>
    <ClCompile Include="..\Classes\Ant.cpp">
      <Filter>Entities</Filter>
    </ClCompile>
    <ClCompile Include="..\Classes\Creature.cpp">
      <Filter>Entities</Filter>
    </ClCompile>
    <ClCompile Include="..\Classes\CreatureFactory.cpp">
      <Filter>Entities</Filter>
    </ClCompile>
    <ClCompile Include="..\Classes\CreatureMap.cpp">
      <Filter>Entities</Filter>
    </ClCompile>
    <ClCompile Include="..\Classes\Food.cpp">
      <Filter>Entities</Filter>
    </ClCompile>
    <ClCompile Include="..\Classes\GameMap.cpp">
      <Filter>Entities</Filter>
    </ClCompile>
    <ClCompile Include="..\Classes\GameObject.cpp">
      <Filter>Entities</Filter>
    </ClCompile>
    <ClCompile Include="..\Classes\Item.cpp">
      <Filter>Entities</Filter>
    </ClCompile>
    <ClCompile Include="..\Classes\MapGenerator.cpp">
      <Filter>Entities</Filter>
    </ClCompile>
    <ClCompile Include="..\Classes\SpawnPoint.cpp">
      <Filter>Entities</Filter>
    </ClCompile>
    <ClCompile Include="..\Classes\Team.cpp">
      <Filter>Entities</Filter>
    </ClCompile>
    <ClCompile Include="..\Classes\GameScene.cpp">
      <Filter>Scenes</Filter>
    </ClCompile>
    <ClCompile Include="..\Classes\MenuScene.cpp">
      <Filter>Scenes</Filter>
    </ClCompile>
    <ClCompile Include="..\Classes\SplashScene.cpp">
      <Filter>Scenes</Filter>
    </ClCompile>
  </ItemGroup>
  <ItemGroup>
    <ClInclude Include="..\Classes\AppDelegate.h" />
    <ClInclude Include="main.h" />
    <ClInclude Include="..\Classes\Action.h">
      <Filter>Entities</Filter>
    </ClInclude>
    <ClInclude Include="..\Classes\Agent.h">
      <Filter>Entities</Filter>
    </ClInclude>
    <ClInclude Include="..\Classes\Ant.h">
      <Filter>Entities</Filter>
    </ClInclude>
    <ClInclude Include="..\Classes\Creature.h">
      <Filter>Entities</Filter>
    </ClInclude>
    <ClInclude Include="..\Classes\CreatureFactory.h">
      <Filter>Entities</Filter>
    </ClInclude>
    <ClInclude Include="..\Classes\CreatureMap.h">
      <Filter>Entities</Filter>
    </ClInclude>
    <ClInclude Include="..\Classes\Food.h">
      <Filter>Entities</Filter>
    </ClInclude>
    <ClInclude Include="..\Classes\GameMap.h">
      <Filter>Entities</Filter>
    </ClInclude>
    <ClInclude Include="..\Classes\GameObject.h">
      <Filter>Entities</Filter>
    </ClInclude>
    <ClInclude Include="..\Classes\Item.h">
      <Filter>Entities</Filter>
    </ClInclude>
    <ClInclude Include="..\Classes\TileType.h">
      <Filter>Entities</Filter>
    </ClInclude>
    <ClInclude Include="..\Classes\Team.h">
      <Filter>Entities</Filter>
    </ClInclude>
    <ClInclude Include="..\Classes\MapGenerator.h">
      <Filter>Entities</Filter>
    </ClInclude>
    <ClInclude Include="..\Classes\SpawnPoint.h">
      <Filter>Entities</Filter>
    </ClInclude>
    <ClInclude Include="..\Classes\GameScene.h">
      <Filter>Scenes</Filter>
    </ClInclude>
    <ClInclude Include="..\Classes\MenuScene.h">
      <Filter>Scenes</Filter>
    </ClInclude>
    <ClInclude Include="..\Classes\SplashScene.h">
      <Filter>Scenes</Filter>
    </ClInclude>
  </ItemGroup>
  <ItemGroup>
    <Filter Include="Entities">
      <UniqueIdentifier>{581166f0-1626-4a24-a416-c0187833219c}</UniqueIdentifier>
    </Filter>
    <Filter Include="Scenes">
      <UniqueIdentifier>{cb7648c3-a4db-4b45-90a0-22fecc88c520}</UniqueIdentifier>
    </Filter>
    <Filter Include="Resources">
      <UniqueIdentifier>{1b48aa22-a3fa-4058-85f3-0496dbeddc70}</UniqueIdentifier>
    </Filter>
  </ItemGroup>
  <ItemGroup>
    <Image Include="..\Resources\Oscillip - logo.png">
      <Filter>Resources</Filter>
    </Image>
    <Image Include="..\Resources\rect.png">
      <Filter>Resources</Filter>
    </Image>
  </ItemGroup>
</Project>